
Microsoft Visual Studio Solution File, Format Version 12.00
# Visual Studio Version 17
VisualStudioVersion = 17.14.36429.23 d17.14
MinimumVisualStudioVersion = 10.0.40219.1
Project("{8BC9CEB8-8B4A-11D0-8D11-00A0C91BC942}") = "lab 2 task 12", "lab 2 task 12\lab 2 task 12.vcxproj", "{A0465134-3092-4D86-B4AB-397F24C6E2FA}"
EndProject
Project("{8BC9CEB8-8B4A-11D0-8D11-00A0C91BC942}") = "google test", "google test\google test.vcxproj", "{6ACC3705-E113-4AA6-9812-7C3EC114A5FE}"
EndProject
Global
	GlobalSection(SolutionConfigurationPlatforms) = preSolution
		Debug|x64 = Debug|x64
		Debug|x86 = Debug|x86
		Release|x64 = Release|x64
		Release|x86 = Release|x86
	EndGlobalSection
	GlobalSection(ProjectConfigurationPlatforms) = postSolution
		{A0465134-3092-4D86-B4AB-397F24C6E2FA}.Debug|x64.ActiveCfg = Debug|x64
		{A0465134-3092-4D86-B4AB-397F24C6E2FA}.Debug|x64.Build.0 = Debug|x64
		{A0465134-3092-4D86-B4AB-397F24C6E2FA}.Debug|x86.ActiveCfg = Debug|Win32
		{A0465134-3092-4D86-B4AB-397F24C6E2FA}.Debug|x86.Build.0 = Debug|Win32
		{A0465134-3092-4D86-B4AB-397F24C6E2FA}.Release|x64.ActiveCfg = Release|x64
		{A0465134-3092-4D86-B4AB-397F24C6E2FA}.Release|x64.Build.0 = Release|x64
		{A0465134-3092-4D86-B4AB-397F24C6E2FA}.Release|x86.ActiveCfg = Release|Win32
		{A0465134-3092-4D86-B4AB-397F24C6E2FA}.Release|x86.Build.0 = Release|Win32
		{6ACC3705-E113-4AA6-9812-7C3EC114A5FE}.Debug|x64.ActiveCfg = Debug|x64
		{6ACC3705-E113-4AA6-9812-7C3EC114A5FE}.Debug|x64.Build.0 = Debug|x64
		{6ACC3705-E113-4AA6-9812-7C3EC114A5FE}.Debug|x86.ActiveCfg = Debug|Win32
		{6ACC3705-E113-4AA6-9812-7C3EC114A5FE}.Debug|x86.Build.0 = Debug|Win32
		{6ACC3705-E113-4AA6-9812-7C3EC114A5FE}.Release|x64.ActiveCfg = Release|x64
		{6ACC3705-E113-4AA6-9812-7C3EC114A5FE}.Release|x64.Build.0 = Release|x64
		{6ACC3705-E113-4AA6-9812-7C3EC114A5FE}.Release|x86.ActiveCfg = Release|Win32
		{6ACC3705-E113-4AA6-9812-7C3EC114A5FE}.Release|x86.Build.0 = Release|Win32
	EndGlobalSection
	GlobalSection(SolutionProperties) = preSolution
		HideSolutionNode = FALSE
	EndGlobalSection
	GlobalSection(ExtensibilityGlobals) = postSolution
		SolutionGuid = {4D1E1A97-F7DA-4A60-98AF-0549C64FB6C8}
	EndGlobalSection
EndGlobal
